
Microsoft Visual Studio Solution File, Format Version 12.00
# Visual Studio Version 17
VisualStudioVersion = 17.8.34525.116
MinimumVisualStudioVersion = 10.0.40219.1
Project("{FAE04EC0-301F-11D3-BF4B-00C04F79EFBC}") = "Kerites", "Kerites.csproj", "{F11F30AB-9AC7-4647-987D-6DB95F444816}"
EndProject
Global
	GlobalSection(SolutionConfigurationPlatforms) = preSolution
		Debug|Any CPU = Debug|Any CPU
		Release|Any CPU = Release|Any CPU
	EndGlobalSection
	GlobalSection(ProjectConfigurationPlatforms) = postSolution
		{F11F30AB-9AC7-4647-987D-6DB95F444816}.Debug|Any CPU.ActiveCfg = Debug|Any CPU
		{F11F30AB-9AC7-4647-987D-6DB95F444816}.Debug|Any CPU.Build.0 = Debug|Any CPU
		{F11F30AB-9AC7-4647-987D-6DB95F444816}.Release|Any CPU.ActiveCfg = Release|Any CPU
		{F11F30AB-9AC7-4647-987D-6DB95F444816}.Release|Any CPU.Build.0 = Release|Any CPU
	EndGlobalSection
	GlobalSection(SolutionProperties) = preSolution
		HideSolutionNode = FALSE
	EndGlobalSection
	GlobalSection(ExtensibilityGlobals) = postSolution
		SolutionGuid = {0B112172-C5B9-4161-B820-044640A1BDE5}
	EndGlobalSection
EndGlobal
